
Microsoft Visual Studio Solution File, Format Version 11.00
# Visual Basic Express 2010
Project("{F184B08F-C81C-45F6-A57F-5ABD9991F28F}") = "二十四節氣", "二十四節氣.vbproj", "{E619B687-47B7-409A-8B48-37D728548FFB}"
EndProject
Global
	GlobalSection(SolutionConfigurationPlatforms) = preSolution
		Debug|x86 = Debug|x86
		Release|x86 = Release|x86
	EndGlobalSection
	GlobalSection(ProjectConfigurationPlatforms) = postSolution
		{E619B687-47B7-409A-8B48-37D728548FFB}.Debug|x86.ActiveCfg = Debug|x86
		{E619B687-47B7-409A-8B48-37D728548FFB}.Debug|x86.Build.0 = Debug|x86
		{E619B687-47B7-409A-8B48-37D728548FFB}.Release|x86.ActiveCfg = Release|x86
		{E619B687-47B7-409A-8B48-37D728548FFB}.Release|x86.Build.0 = Release|x86
	EndGlobalSection
	GlobalSection(SolutionProperties) = preSolution
		HideSolutionNode = FALSE
	EndGlobalSection
EndGlobal
