
Microsoft Visual Studio Solution File, Format Version 11.00
# Visual Basic Express 2010
Project("{F184B08F-C81C-45F6-A57F-5ABD9991F28F}") = "多表單程式設計", "多表單程式設計.vbproj", "{756134F0-2E2B-415B-9F92-75E1D14C7E61}"
EndProject
Global
	GlobalSection(SolutionConfigurationPlatforms) = preSolution
		Debug|x86 = Debug|x86
		Release|x86 = Release|x86
	EndGlobalSection
	GlobalSection(ProjectConfigurationPlatforms) = postSolution
		{756134F0-2E2B-415B-9F92-75E1D14C7E61}.Debug|x86.ActiveCfg = Debug|x86
		{756134F0-2E2B-415B-9F92-75E1D14C7E61}.Debug|x86.Build.0 = Debug|x86
		{756134F0-2E2B-415B-9F92-75E1D14C7E61}.Release|x86.ActiveCfg = Release|x86
		{756134F0-2E2B-415B-9F92-75E1D14C7E61}.Release|x86.Build.0 = Release|x86
	EndGlobalSection
	GlobalSection(SolutionProperties) = preSolution
		HideSolutionNode = FALSE
	EndGlobalSection
EndGlobal
