
Microsoft Visual Studio Solution File, Format Version 12.00
# Visual Studio Express 2013 for Windows Desktop
VisualStudioVersion = 12.0.21005.1
MinimumVisualStudioVersion = 10.0.40219.1
Project("{F184B08F-C81C-45F6-A57F-5ABD9991F28F}") = "mySampleDisplayKeyboardStatus", "mySampleDisplayKeyboardStatus\mySampleDisplayKeyboardStatus.vbproj", "{A0F83B89-36B6-4782-B84E-6FA507C31B1C}"
EndProject
Global
	GlobalSection(SolutionConfigurationPlatforms) = preSolution
		Debug|Any CPU = Debug|Any CPU
		Release|Any CPU = Release|Any CPU
	EndGlobalSection
	GlobalSection(ProjectConfigurationPlatforms) = postSolution
		{A0F83B89-36B6-4782-B84E-6FA507C31B1C}.Debug|Any CPU.ActiveCfg = Debug|Any CPU
		{A0F83B89-36B6-4782-B84E-6FA507C31B1C}.Debug|Any CPU.Build.0 = Debug|Any CPU
		{A0F83B89-36B6-4782-B84E-6FA507C31B1C}.Release|Any CPU.ActiveCfg = Release|Any CPU
		{A0F83B89-36B6-4782-B84E-6FA507C31B1C}.Release|Any CPU.Build.0 = Release|Any CPU
	EndGlobalSection
	GlobalSection(SolutionProperties) = preSolution
		HideSolutionNode = FALSE
	EndGlobalSection
EndGlobal
