
Microsoft Visual Studio Solution File, Format Version 10.00
# Visual Basic Express 2008
Project("{F184B08F-C81C-45F6-A57F-5ABD9991F28F}") = "NetworkUploadFile", "NetworkUploadFile.vbproj", "{71B7C913-5722-4607-8800-E3B5ACA9020A}"
EndProject
Global
	GlobalSection(SolutionConfigurationPlatforms) = preSolution
		Debug|Any CPU = Debug|Any CPU
		Release|Any CPU = Release|Any CPU
	EndGlobalSection
	GlobalSection(ProjectConfigurationPlatforms) = postSolution
		{71B7C913-5722-4607-8800-E3B5ACA9020A}.Debug|Any CPU.ActiveCfg = Debug|Any CPU
		{71B7C913-5722-4607-8800-E3B5ACA9020A}.Debug|Any CPU.Build.0 = Debug|Any CPU
		{71B7C913-5722-4607-8800-E3B5ACA9020A}.Release|Any CPU.ActiveCfg = Release|Any CPU
		{71B7C913-5722-4607-8800-E3B5ACA9020A}.Release|Any CPU.Build.0 = Release|Any CPU
	EndGlobalSection
	GlobalSection(SolutionProperties) = preSolution
		HideSolutionNode = FALSE
	EndGlobalSection
EndGlobal
