
Microsoft Visual Studio Solution File, Format Version 11.00
# Visual Basic Express 2010
Project("{F184B08F-C81C-45F6-A57F-5ABD9991F28F}") = "繪製橢圓形", "繪製橢圓形.vbproj", "{408CAC5B-6267-46B0-9FFF-F9856AA583EF}"
EndProject
Global
	GlobalSection(SolutionConfigurationPlatforms) = preSolution
		Debug|x86 = Debug|x86
		Release|x86 = Release|x86
	EndGlobalSection
	GlobalSection(ProjectConfigurationPlatforms) = postSolution
		{408CAC5B-6267-46B0-9FFF-F9856AA583EF}.Debug|x86.ActiveCfg = Debug|x86
		{408CAC5B-6267-46B0-9FFF-F9856AA583EF}.Debug|x86.Build.0 = Debug|x86
		{408CAC5B-6267-46B0-9FFF-F9856AA583EF}.Release|x86.ActiveCfg = Release|x86
		{408CAC5B-6267-46B0-9FFF-F9856AA583EF}.Release|x86.Build.0 = Release|x86
	EndGlobalSection
	GlobalSection(SolutionProperties) = preSolution
		HideSolutionNode = FALSE
	EndGlobalSection
EndGlobal
